VisualStudioVersion = 17.5.2.0
MinimumVisualStudioVersion = 10.0.40219.1
Project("{FAE04EC0-301F-11D3-BF4B-00C04F79EFBC}") = "SMAS.API", "SMAS.API\SMAS.API.csproj", "{AE700456-5FFB-253E-64DF-477C28B6B060}"
EndProject
Global
	GlobalSection(SolutionConfigurationPlatforms) = preSolution
		Debug|Any CPU = Debug|Any CPU
		Release|Any CPU = Release|Any CPU
	EndGlobalSection
	GlobalSection(ProjectConfigurationPlatforms) = postSolution
		{AE700456-5FFB-253E-64DF-477C28B6B060}.Debug|Any CPU.ActiveCfg = Debug|Any CPU
		{AE700456-5FFB-253E-64DF-477C28B6B060}.Debug|Any CPU.Build.0 = Debug|Any CPU
		{AE700456-5FFB-253E-64DF-477C28B6B060}.Release|Any CPU.ActiveCfg = Release|Any CPU
		{AE700456-5FFB-253E-64DF-477C28B6B060}.Release|Any CPU.Build.0 = Release|Any CPU
	EndGlobalSection
	GlobalSection(SolutionProperties) = preSolution
		HideSolutionNode = FALSE
	EndGlobalSection
	GlobalSection(ExtensibilityGlobals) = postSolution
		SolutionGuid = {064EF77A-5521-489C-8E76-8565BD602903}
	EndGlobalSection
EndGlobal
